// !$*UTF8*$!
{
	archiveVersion = 1;
	classes = {
	};
	objectVersion = 56;
	objects = {

/* Begin PBXBuildFile section */
		8B59374929BA084F008B4305 /* NoteCoreDataApp.swift in Sources */ = {isa = PBXBuildFile; fileRef = 8B59374829BA084F008B4305 /* NoteCoreDataApp.swift */; };
		8B59374B29BA084F008B4305 /* ContentView.swift in Sources */ = {isa = PBXBuildFile; fileRef = 8B59374A29BA084F008B4305 /* ContentView.swift */; };
		8B59374D29BA0850008B4305 /* Assets.xcassets in Resources */ = {isa = PBXBuildFile; fileRef = 8B59374C29BA0850008B4305 /* Assets.xcassets */; };
		8B59375029BA0850008B4305 /* Preview Assets.xcassets in Resources */ = {isa = PBXBuildFile; fileRef = 8B59374F29BA0850008B4305 /* Preview Assets.xcassets */; };
		8B59375729BA08EC008B4305 /* CoreDataViewModel.swift in Sources */ = {isa = PBXBuildFile; fileRef = 8B59375629BA08EC008B4305 /* CoreDataViewModel.swift */; };
		8B59375A29BA0A3A008B4305 /* TaskContainer.xcdatamodeld in Sources */ = {isa = PBXBuildFile; fileRef = 8B59375829BA0A3A008B4305 /* TaskContainer.xcdatamodeld */; };
		8B59376029BA1720008B4305 /* HideKeyboard .swift in Sources */ = {isa = PBXBuildFile; fileRef = 8B59375F29BA1720008B4305 /* HideKeyboard .swift */; };
		8B59376329BA1944008B4305 /* Constant.swift in Sources */ = {isa = PBXBuildFile; fileRef = 8B59376229BA1944008B4305 /* Constant.swift */; };
		8B59376529BA1D61008B4305 /* NewTaskView.swift in Sources */ = {isa = PBXBuildFile; fileRef = 8B59376429BA1D61008B4305 /* NewTaskView.swift */; };
		8B59376729BA20ED008B4305 /* BlankView.swift in Sources */ = {isa = PBXBuildFile; fileRef = 8B59376629BA20ED008B4305 /* BlankView.swift */; };
		8B95690329C094DE0067D5B2 /* LaunchScreen.storyboard in Resources */ = {isa = PBXBuildFile; fileRef = 8B95690229C094DE0067D5B2 /* LaunchScreen.storyboard */; };
		8B95690929C09B150067D5B2 /* Group13.png in Resources */ = {isa = PBXBuildFile; fileRef = 8B95690829C09B150067D5B2 /* Group13.png */; };
/* End PBXBuildFile section */

/* Begin PBXFileReference section */
		8B59374529BA084F008B4305 /* NoteCoreData.app */ = {isa = PBXFileReference; explicitFileType = wrapper.application; includeInIndex = 0; path = NoteCoreData.app; sourceTree = BUILT_PRODUCTS_DIR; };
		8B59374829BA084F008B4305 /* NoteCoreDataApp.swift */ = {isa = PBXFileReference; lastKnownFileType = sourcecode.swift; path = NoteCoreDataApp.swift; sourceTree = "<group>"; };
		8B59374A29BA084F008B4305 /* ContentView.swift */ = {isa = PBXFileReference; lastKnownFileType = sourcecode.swift; path = ContentView.swift; sourceTree = "<group>"; };
		8B59374C29BA0850008B4305 /* Assets.xcassets */ = {isa = PBXFileReference; lastKnownFileType = folder.assetcatalog; path = Assets.xcassets; sourceTree = "<group>"; };
		8B59374F29BA0850008B4305 /* Preview Assets.xcassets */ = {isa = PBXFileReference; lastKnownFileType = folder.assetcatalog; path = "Preview Assets.xcassets"; sourceTree = "<group>"; };
		8B59375629BA08EC008B4305 /* CoreDataViewModel.swift */ = {isa = PBXFileReference; lastKnownFileType = sourcecode.swift; path = CoreDataViewModel.swift; sourceTree = "<group>"; };
		8B59375929BA0A3A008B4305 /* TaskContainer.xcdatamodel */ = {isa = PBXFileReference; lastKnownFileType = wrapper.xcdatamodel; path = TaskContainer.xcdatamodel; sourceTree = "<group>"; };
		8B59375F29BA1720008B4305 /* HideKeyboard .swift */ = {isa = PBXFileReference; lastKnownFileType = sourcecode.swift; path = "HideKeyboard .swift"; sourceTree = "<group>"; };
		8B59376229BA1944008B4305 /* Constant.swift */ = {isa = PBXFileReference; lastKnownFileType = sourcecode.swift; path = Constant.swift; sourceTree = "<group>"; };
		8B59376429BA1D61008B4305 /* NewTaskView.swift */ = {isa = PBXFileReference; lastKnownFileType = sourcecode.swift; path = NewTaskView.swift; sourceTree = "<group>"; };
		8B59376629BA20ED008B4305 /* BlankView.swift */ = {isa = PBXFileReference; lastKnownFileType = sourcecode.swift; path = BlankView.swift; sourceTree = "<group>"; };
		8B9568FE29C08F7B0067D5B2 /* Info.plist */ = {isa = PBXFileReference; lastKnownFileType = text.plist; path = Info.plist; sourceTree = "<group>"; };
		8B95690229C094DE0067D5B2 /* LaunchScreen.storyboard */ = {isa = PBXFileReference; lastKnownFileType = file.storyboard; path = LaunchScreen.storyboard; sourceTree = "<group>"; };
		8B95690829C09B150067D5B2 /* Group13.png */ = {isa = PBXFileReference; lastKnownFileType = image.png; path = Group13.png; sourceTree = "<group>"; };
/* End PBXFileReference section */

/* Begin PBXFrameworksBuildPhase section */
		8B59374229BA084F008B4305 /* Frameworks */ = {
			isa = PBXFrameworksBuildPhase;
			buildActionMask = 2147483647;
			files = (
			);
			runOnlyForDeploymentPostprocessing = 0;
		};
/* End PBXFrameworksBuildPhase section */

/* Begin PBXGroup section */
		8B59373C29BA084F008B4305 = {
			isa = PBXGroup;
			children = (
				8B59374729BA084F008B4305 /* NoteCoreData */,
				8B59374629BA084F008B4305 /* Products */,
			);
			sourceTree = "<group>";
		};
		8B59374629BA084F008B4305 /* Products */ = {
			isa = PBXGroup;
			children = (
				8B59374529BA084F008B4305 /* NoteCoreData.app */,
			);
			name = Products;
			sourceTree = "<group>";
		};
		8B59374729BA084F008B4305 /* NoteCoreData */ = {
			isa = PBXGroup;
			children = (
				8B9568FE29C08F7B0067D5B2 /* Info.plist */,
				8B59374829BA084F008B4305 /* NoteCoreDataApp.swift */,
				8B59375B29BA15F8008B4305 /* View */,
				8B59375D29BA1620008B4305 /* ViewModel */,
				8B59375C29BA1602008B4305 /* Model */,
				8B59376129BA192C008B4305 /* Utillity */,
				8B59375E29BA1647008B4305 /* Extensions */,
				8B9568FF29C090610067D5B2 /* LaunchScreen */,
				8B59374C29BA0850008B4305 /* Assets.xcassets */,
				8B59374E29BA0850008B4305 /* Preview Content */,
			);
			path = NoteCoreData;
			sourceTree = "<group>";
		};
		8B59374E29BA0850008B4305 /* Preview Content */ = {
			isa = PBXGroup;
			children = (
				8B59374F29BA0850008B4305 /* Preview Assets.xcassets */,
			);
			path = "Preview Content";
			sourceTree = "<group>";
		};
		8B59375B29BA15F8008B4305 /* View */ = {
			isa = PBXGroup;
			children = (
				8B59374A29BA084F008B4305 /* ContentView.swift */,
				8B59376429BA1D61008B4305 /* NewTaskView.swift */,
				8B59376629BA20ED008B4305 /* BlankView.swift */,
			);
			path = View;
			sourceTree = "<group>";
		};
		8B59375C29BA1602008B4305 /* Model */ = {
			isa = PBXGroup;
			children = (
				8B59375829BA0A3A008B4305 /* TaskContainer.xcdatamodeld */,
			);
			path = Model;
			sourceTree = "<group>";
		};
		8B59375D29BA1620008B4305 /* ViewModel */ = {
			isa = PBXGroup;
			children = (
				8B59375629BA08EC008B4305 /* CoreDataViewModel.swift */,
			);
			path = ViewModel;
			sourceTree = "<group>";
		};
		8B59375E29BA1647008B4305 /* Extensions */ = {
			isa = PBXGroup;
			children = (
				8B59375F29BA1720008B4305 /* HideKeyboard .swift */,
			);
			path = Extensions;
			sourceTree = "<group>";
		};
		8B59376129BA192C008B4305 /* Utillity */ = {
			isa = PBXGroup;
			children = (
				8B59376229BA1944008B4305 /* Constant.swift */,
			);
			path = Utillity;
			sourceTree = "<group>";
		};
		8B9568FF29C090610067D5B2 /* LaunchScreen */ = {
			isa = PBXGroup;
			children = (
				8B95690829C09B150067D5B2 /* Group13.png */,
				8B95690229C094DE0067D5B2 /* LaunchScreen.storyboard */,
			);
			path = LaunchScreen;
			sourceTree = "<group>";
		};
/* End PBXGroup section */

/* Begin PBXNativeTarget section */
		8B59374429BA084F008B4305 /* NoteCoreData */ = {
			isa = PBXNativeTarget;
			buildConfigurationList = 8B59375329BA0850008B4305 /* Build configuration list for PBXNativeTarget "NoteCoreData" */;
			buildPhases = (
				8B59374129BA084F008B4305 /* Sources */,
				8B59374229BA084F008B4305 /* Frameworks */,
				8B59374329BA084F008B4305 /* Resources */,
			);
			buildRules = (
			);
			dependencies = (
			);
			name = NoteCoreData;
			productName = NoteCoreData;
			productReference = 8B59374529BA084F008B4305 /* NoteCoreData.app */;
			productType = "com.apple.product-type.application";
		};
/* End PBXNativeTarget section */

/* Begin PBXProject section */
		8B59373D29BA084F008B4305 /* Project object */ = {
			isa = PBXProject;
			attributes = {
				BuildIndependentTargetsInParallel = 1;
				LastSwiftUpdateCheck = 1420;
				LastUpgradeCheck = 1420;
				TargetAttributes = {
					8B59374429BA084F008B4305 = {
						CreatedOnToolsVersion = 14.2;
					};
				};
			};
			buildConfigurationList = 8B59374029BA084F008B4305 /* Build configuration list for PBXProject "NoteCoreData" */;
			compatibilityVersion = "Xcode 14.0";
			developmentRegion = en;
			hasScannedForEncodings = 0;
			knownRegions = (
				en,
				Base,
			);
			mainGroup = 8B59373C29BA084F008B4305;
			productRefGroup = 8B59374629BA084F008B4305 /* Products */;
			projectDirPath = "";
			projectRoot = "";
			targets = (
				8B59374429BA084F008B4305 /* NoteCoreData */,
			);
		};
/* End PBXProject section */

/* Begin PBXResourcesBuildPhase section */
		8B59374329BA084F008B4305 /* Resources */ = {
			isa = PBXResourcesBuildPhase;
			buildActionMask = 2147483647;
			files = (
				8B95690329C094DE0067D5B2 /* LaunchScreen.storyboard in Resources */,
				8B59375029BA0850008B4305 /* Preview Assets.xcassets in Resources */,
				8B59374D29BA0850008B4305 /* Assets.xcassets in Resources */,
				8B95690929C09B150067D5B2 /* Group13.png in Resources */,
			);
			runOnlyForDeploymentPostprocessing = 0;
		};
/* End PBXResourcesBuildPhase section */

/* Begin PBXSourcesBuildPhase section */
		8B59374129BA084F008B4305 /* Sources */ = {
			isa = PBXSourcesBuildPhase;
			buildActionMask = 2147483647;
			files = (
				8B59375A29BA0A3A008B4305 /* TaskContainer.xcdatamodeld in Sources */,
				8B59376529BA1D61008B4305 /* NewTaskView.swift in Sources */,
				8B59376029BA1720008B4305 /* HideKeyboard .swift in Sources */,
				8B59374B29BA084F008B4305 /* ContentView.swift in Sources */,
				8B59375729BA08EC008B4305 /* CoreDataViewModel.swift in Sources */,
				8B59376729BA20ED008B4305 /* BlankView.swift in Sources */,
				8B59374929BA084F008B4305 /* NoteCoreDataApp.swift in Sources */,
				8B59376329BA1944008B4305 /* Constant.swift in Sources */,
			);
			runOnlyForDeploymentPostprocessing = 0;
		};
/* End PBXSourcesBuildPhase section */

/* Begin XCBuildConfiguration section */
		8B59375129BA0850008B4305 /* Debug */ = {
			isa = XCBuildConfiguration;
			buildSettings = {
				ALWAYS_SEARCH_USER_PATHS = NO;
				CLANG_ANALYZER_NONNULL = YES;
				CLANG_ANALYZER_NUMBER_OBJECT_CONVERSION = YES_AGGRESSIVE;
				CLANG_CXX_LANGUAGE_STANDARD = "gnu++20";
				CLANG_ENABLE_MODULES = YES;
				CLANG_ENABLE_OBJC_ARC = YES;
				CLANG_ENABLE_OBJC_WEAK = YES;
				CLANG_WARN_BLOCK_CAPTURE_AUTORELEASING = YES;
				CLANG_WARN_BOOL_CONVERSION = YES;
				CLANG_WARN_COMMA = YES;
				CLANG_WARN_CONSTANT_CONVERSION = YES;
				CLANG_WARN_DEPRECATED_OBJC_IMPLEMENTATIONS = YES;
				CLANG_WARN_DIRECT_OBJC_ISA_USAGE = YES_ERROR;
				CLANG_WARN_DOCUMENTATION_COMMENTS = YES;
				CLANG_WARN_EMPTY_BODY = YES;
				CLANG_WARN_ENUM_CONVERSION = YES;
				CLANG_WARN_INFINITE_RECURSION = YES;
				CLANG_WARN_INT_CONVERSION = YES;
				CLANG_WARN_NON_LITERAL_NULL_CONVERSION = YES;
				CLANG_WARN_OBJC_IMPLICIT_RETAIN_SELF = YES;
				CLANG_WARN_OBJC_LITERAL_CONVERSION = YES;
				CLANG_WARN_OBJC_ROOT_CLASS = YES_ERROR;
				CLANG_WARN_QUOTED_INCLUDE_IN_FRAMEWORK_HEADER = YES;
				CLANG_WARN_RANGE_LOOP_ANALYSIS = YES;
				CLANG_WARN_STRICT_PROTOTYPES = YES;
				CLANG_WARN_SUSPICIOUS_MOVE = YES;
				CLANG_WARN_UNGUARDED_AVAILABILITY = YES_AGGRESSIVE;
				CLANG_WARN_UNREACHABLE_CODE = YES;
				CLANG_WARN__DUPLICATE_METHOD_MATCH = YES;
				COPY_PHASE_STRIP = NO;
				DEBUG_INFORMATION_FORMAT = dwarf;
				ENABLE_STRICT_OBJC_MSGSEND = YES;
				ENABLE_TESTABILITY = YES;
				GCC_C_LANGUAGE_STANDARD = gnu11;
				GCC_DYNAMIC_NO_PIC = NO;
				GCC_NO_COMMON_BLOCKS = YES;
				GCC_OPTIMIZATION_LEVEL = 0;
				GCC_PREPROCESSOR_DEFINITIONS = (
					"DEBUG=1",
					"$(inherited)",
				);
				GCC_WARN_64_TO_32_BIT_CONVERSION = YES;
				GCC_WARN_ABOUT_RETURN_TYPE = YES_ERROR;
				GCC_WARN_UNDECLARED_SELECTOR = YES;
				GCC_WARN_UNINITIALIZED_AUTOS = YES_AGGRESSIVE;
				GCC_WARN_UNUSED_FUNCTION = YES;
				GCC_WARN_UNUSED_VARIABLE = YES;
				IPHONEOS_DEPLOYMENT_TARGET = 16.2;
				MTL_ENABLE_DEBUG_INFO = INCLUDE_SOURCE;
				MTL_FAST_MATH = YES;
				ONLY_ACTIVE_ARCH = YES;
				SDKROOT = iphoneos;
				SWIFT_ACTIVE_COMPILATION_CONDITIONS = DEBUG;
				SWIFT_OPTIMIZATION_LEVEL = "-Onone";
			};
			name = Debug;
		};
		8B59375229BA0850008B4305 /* Release */ = {
			isa = XCBuildConfiguration;
			buildSettings = {
				ALWAYS_SEARCH_USER_PATHS = NO;
				CLANG_ANALYZER_NONNULL = YES;
				CLANG_ANALYZER_NUMBER_OBJECT_CONVERSION = YES_AGGRESSIVE;
				CLANG_CXX_LANGUAGE_STANDARD = "gnu++20";
				CLANG_ENABLE_MODULES = YES;
				CLANG_ENABLE_OBJC_ARC = YES;
				CLANG_ENABLE_OBJC_WEAK = YES;
				CLANG_WARN_BLOCK_CAPTURE_AUTORELEASING = YES;
				CLANG_WARN_BOOL_CONVERSION = YES;
				CLANG_WARN_COMMA = YES;
				CLANG_WARN_CONSTANT_CONVERSION = YES;
				CLANG_WARN_DEPRECATED_OBJC_IMPLEMENTATIONS = YES;
				CLANG_WARN_DIRECT_OBJC_ISA_USAGE = YES_ERROR;
				CLANG_WARN_DOCUMENTATION_COMMENTS = YES;
				CLANG_WARN_EMPTY_BODY = YES;
				CLANG_WARN_ENUM_CONVERSION = YES;
				CLANG_WARN_INFINITE_RECURSION = YES;
				CLANG_WARN_INT_CONVERSION = YES;
				CLANG_WARN_NON_LITERAL_NULL_CONVERSION = YES;
				CLANG_WARN_OBJC_IMPLICIT_RETAIN_SELF = YES;
				CLANG_WARN_OBJC_LITERAL_CONVERSION = YES;
				CLANG_WARN_OBJC_ROOT_CLASS = YES_ERROR;
				CLANG_WARN_QUOTED_INCLUDE_IN_FRAMEWORK_HEADER = YES;
				CLANG_WARN_RANGE_LOOP_ANALYSIS = YES;
				CLANG_WARN_STRICT_PROTOTYPES = YES;
				CLANG_WARN_SUSPICIOUS_MOVE = YES;
				CLANG_WARN_UNGUARDED_AVAILABILITY = YES_AGGRESSIVE;
				CLANG_WARN_UNREACHABLE_CODE = YES;
				CLANG_WARN__DUPLICATE_METHOD_MATCH = YES;
				COPY_PHASE_STRIP = NO;
				DEBUG_INFORMATION_FORMAT = "dwarf-with-dsym";
				ENABLE_NS_ASSERTIONS = NO;
				ENABLE_STRICT_OBJC_MSGSEND = YES;
				GCC_C_LANGUAGE_STANDARD = gnu11;
				GCC_NO_COMMON_BLOCKS = YES;
				GCC_WARN_64_TO_32_BIT_CONVERSION = YES;
				GCC_WARN_ABOUT_RETURN_TYPE = YES_ERROR;
				GCC_WARN_UNDECLARED_SELECTOR = YES;
				GCC_WARN_UNINITIALIZED_AUTOS = YES_AGGRESSIVE;
				GCC_WARN_UNUSED_FUNCTION = YES;
				GCC_WARN_UNUSED_VARIABLE = YES;
				IPHONEOS_DEPLOYMENT_TARGET = 16.2;
				MTL_ENABLE_DEBUG_INFO = NO;
				MTL_FAST_MATH = YES;
				SDKROOT = iphoneos;
				SWIFT_COMPILATION_MODE = wholemodule;
				SWIFT_OPTIMIZATION_LEVEL = "-O";
				VALIDATE_PRODUCT = YES;
			};
			name = Release;
		};
		8B59375429BA0850008B4305 /* Debug */ = {
			isa = XCBuildConfiguration;
			buildSettings = {
				ASSETCATALOG_COMPILER_APPICON_NAME = AppIcon;
				ASSETCATALOG_COMPILER_GLOBAL_ACCENT_COLOR_NAME = AccentColor;
				CODE_SIGN_STYLE = Automatic;
				CURRENT_PROJECT_VERSION = 1;
				DEVELOPMENT_ASSET_PATHS = "\"NoteCoreData/Preview Content\"";
				DEVELOPMENT_TEAM = 856SL5P6MS;
				ENABLE_PREVIEWS = YES;
				GENERATE_INFOPLIST_FILE = YES;
				INFOPLIST_FILE = NoteCoreData/Info.plist;
				INFOPLIST_KEY_CFBundleDisplayName = "Keep It Simple";
				INFOPLIST_KEY_UIApplicationSceneManifest_Generation = YES;
				INFOPLIST_KEY_UIApplicationSupportsIndirectInputEvents = YES;
				INFOPLIST_KEY_UILaunchStoryboardName = LaunchScreen.storyboard;
				INFOPLIST_KEY_UISupportedInterfaceOrientations = UIInterfaceOrientationPortrait;
				LD_RUNPATH_SEARCH_PATHS = (
					"$(inherited)",
					"@executable_path/Frameworks",
				);
				MARKETING_VERSION = 1.0;
				PRODUCT_BUNDLE_IDENTIFIER = com.filiphertzman.NoteCoreData;
				PRODUCT_NAME = "$(TARGET_NAME)";
				SWIFT_EMIT_LOC_STRINGS = YES;
				SWIFT_VERSION = 5.0;
				TARGETED_DEVICE_FAMILY = "1,2";
			};
			name = Debug;
		};
		8B59375529BA0850008B4305 /* Release */ = {
			isa = XCBuildConfiguration;
			buildSettings = {
				ASSETCATALOG_COMPILER_APPICON_NAME = AppIcon;
				ASSETCATALOG_COMPILER_GLOBAL_ACCENT_COLOR_NAME = AccentColor;
				CODE_SIGN_STYLE = Automatic;
				CURRENT_PROJECT_VERSION = 1;
				DEVELOPMENT_ASSET_PATHS = "\"NoteCoreData/Preview Content\"";
				DEVELOPMENT_TEAM = 856SL5P6MS;
				ENABLE_PREVIEWS = YES;
				GENERATE_INFOPLIST_FILE = YES;
				INFOPLIST_FILE = NoteCoreData/Info.plist;
				INFOPLIST_KEY_CFBundleDisplayName = "Keep It Simple";
				INFOPLIST_KEY_UIApplicationSceneManifest_Generation = YES;
				INFOPLIST_KEY_UIApplicationSupportsIndirectInputEvents = YES;
				INFOPLIST_KEY_UILaunchStoryboardName = LaunchScreen.storyboard;
				INFOPLIST_KEY_UISupportedInterfaceOrientations = UIInterfaceOrientationPortrait;
				LD_RUNPATH_SEARCH_PATHS = (
					"$(inherited)",
					"@executable_path/Frameworks",
				);
				MARKETING_VERSION = 1.0;
				PRODUCT_BUNDLE_IDENTIFIER = com.filiphertzman.NoteCoreData;
				PRODUCT_NAME = "$(TARGET_NAME)";
				SWIFT_EMIT_LOC_STRINGS = YES;
				SWIFT_VERSION = 5.0;
				TARGETED_DEVICE_FAMILY = "1,2";
			};
			name = Release;
		};
/* End XCBuildConfiguration section */

/* Begin XCConfigurationList section */
		8B59374029BA084F008B4305 /* Build configuration list for PBXProject "NoteCoreData" */ = {
			isa = XCConfigurationList;
			buildConfigurations = (
				8B59375129BA0850008B4305 /* Debug */,
				8B59375229BA0850008B4305 /* Release */,
			);
			defaultConfigurationIsVisible = 0;
			defaultConfigurationName = Release;
		};
		8B59375329BA0850008B4305 /* Build configuration list for PBXNativeTarget "NoteCoreData" */ = {
			isa = XCConfigurationList;
			buildConfigurations = (
				8B59375429BA0850008B4305 /* Debug */,
				8B59375529BA0850008B4305 /* Release */,
			);
			defaultConfigurationIsVisible = 0;
			defaultConfigurationName = Release;
		};
/* End XCConfigurationList section */

/* Begin XCVersionGroup section */
		8B59375829BA0A3A008B4305 /* TaskContainer.xcdatamodeld */ = {
			isa = XCVersionGroup;
			children = (
				8B59375929BA0A3A008B4305 /* TaskContainer.xcdatamodel */,
			);
			currentVersion = 8B59375929BA0A3A008B4305 /* TaskContainer.xcdatamodel */;
			path = TaskContainer.xcdatamodeld;
			sourceTree = "<group>";
			versionGroupType = wrapper.xcdatamodel;
		};
/* End XCVersionGroup section */
	};
	rootObject = 8B59373D29BA084F008B4305 /* Project object */;
}
